
Microsoft Visual Studio Solution File, Format Version 12.00
# Visual Studio Version 17
VisualStudioVersion = 17.9.34616.47
MinimumVisualStudioVersion = 10.0.40219.1
Project("{FAE04EC0-301F-11D3-BF4B-00C04F79EFBC}") = "nicholdw_FinalProject", "nicholdw_FinalProject\nicholdw_FinalProject.csproj", "{07878A26-910D-4BF6-87F1-78A091155396}"
EndProject
Global
	GlobalSection(SolutionConfigurationPlatforms) = preSolution
		Debug|Any CPU = Debug|Any CPU
		Release|Any CPU = Release|Any CPU
	EndGlobalSection
	GlobalSection(ProjectConfigurationPlatforms) = postSolution
		{07878A26-910D-4BF6-87F1-78A091155396}.Debug|Any CPU.ActiveCfg = Debug|Any CPU
		{07878A26-910D-4BF6-87F1-78A091155396}.Debug|Any CPU.Build.0 = Debug|Any CPU
		{07878A26-910D-4BF6-87F1-78A091155396}.Release|Any CPU.ActiveCfg = Release|Any CPU
		{07878A26-910D-4BF6-87F1-78A091155396}.Release|Any CPU.Build.0 = Release|Any CPU
	EndGlobalSection
	GlobalSection(SolutionProperties) = preSolution
		HideSolutionNode = FALSE
	EndGlobalSection
	GlobalSection(ExtensibilityGlobals) = postSolution
		SolutionGuid = {DB08BA35-58C2-4D45-AD04-5619FBFD8EF9}
	EndGlobalSection
EndGlobal
